// !$*UTF8*$!
{
	archiveVersion = 1;
	classes = {
	};
	objectVersion = 48;
	objects = {

/* Begin PBXBuildFile section */
		229E2EE1C4E7E78E4A3DCAC2 /* Pods_ToDoer.framework in Frameworks */ = {isa = PBXBuildFile; fileRef = C69B0AAEAE99BEC3C9FC6F39 /* Pods_ToDoer.framework */; };
		B49C344F200487AB0050E568 /* AppDelegate.swift in Sources */ = {isa = PBXBuildFile; fileRef = B49C344E200487AB0050E568 /* AppDelegate.swift */; };
		B49C3451200487AB0050E568 /* ToDoViewController.swift in Sources */ = {isa = PBXBuildFile; fileRef = B49C3450200487AB0050E568 /* ToDoViewController.swift */; };
		B49C3454200487AB0050E568 /* Main.storyboard in Resources */ = {isa = PBXBuildFile; fileRef = B49C3452200487AB0050E568 /* Main.storyboard */; };
		B49C3456200487AB0050E568 /* Assets.xcassets in Resources */ = {isa = PBXBuildFile; fileRef = B49C3455200487AB0050E568 /* Assets.xcassets */; };
		B49C3459200487AB0050E568 /* LaunchScreen.storyboard in Resources */ = {isa = PBXBuildFile; fileRef = B49C3457200487AB0050E568 /* LaunchScreen.storyboard */; };
		B4A852C72007795E0051F5ED /* CategoriesViewController.swift in Sources */ = {isa = PBXBuildFile; fileRef = B4A852C62007795E0051F5ED /* CategoriesViewController.swift */; };
		B4A852C9200CBE6D0051F5ED /* Category.swift in Sources */ = {isa = PBXBuildFile; fileRef = B4A852C8200CBE6D0051F5ED /* Category.swift */; };
		B4A852CB200CBEF10051F5ED /* Item.swift in Sources */ = {isa = PBXBuildFile; fileRef = B4A852CA200CBEF10051F5ED /* Item.swift */; };
/* End PBXBuildFile section */

/* Begin PBXFileReference section */
		2A276269CEDE526A5738584A /* Pods-ToDoer.release.xcconfig */ = {isa = PBXFileReference; includeInIndex = 1; lastKnownFileType = text.xcconfig; name = "Pods-ToDoer.release.xcconfig"; path = "Pods/Target Support Files/Pods-ToDoer/Pods-ToDoer.release.xcconfig"; sourceTree = "<group>"; };
		B49C344B200487AB0050E568 /* ToDoer.app */ = {isa = PBXFileReference; explicitFileType = wrapper.application; includeInIndex = 0; path = ToDoer.app; sourceTree = BUILT_PRODUCTS_DIR; };
		B49C344E200487AB0050E568 /* AppDelegate.swift */ = {isa = PBXFileReference; lastKnownFileType = sourcecode.swift; path = AppDelegate.swift; sourceTree = "<group>"; };
		B49C3450200487AB0050E568 /* ToDoViewController.swift */ = {isa = PBXFileReference; lastKnownFileType = sourcecode.swift; path = ToDoViewController.swift; sourceTree = "<group>"; };
		B49C3453200487AB0050E568 /* Base */ = {isa = PBXFileReference; lastKnownFileType = file.storyboard; name = Base; path = Base.lproj/Main.storyboard; sourceTree = "<group>"; };
		B49C3455200487AB0050E568 /* Assets.xcassets */ = {isa = PBXFileReference; lastKnownFileType = folder.assetcatalog; path = Assets.xcassets; sourceTree = "<group>"; };
		B49C3458200487AB0050E568 /* Base */ = {isa = PBXFileReference; lastKnownFileType = file.storyboard; name = Base; path = Base.lproj/LaunchScreen.storyboard; sourceTree = "<group>"; };
		B49C345A200487AB0050E568 /* Info.plist */ = {isa = PBXFileReference; lastKnownFileType = text.plist.xml; path = Info.plist; sourceTree = "<group>"; };
		B4A852C62007795E0051F5ED /* CategoriesViewController.swift */ = {isa = PBXFileReference; lastKnownFileType = sourcecode.swift; path = CategoriesViewController.swift; sourceTree = "<group>"; };
		B4A852C8200CBE6D0051F5ED /* Category.swift */ = {isa = PBXFileReference; lastKnownFileType = sourcecode.swift; path = Category.swift; sourceTree = "<group>"; };
		B4A852CA200CBEF10051F5ED /* Item.swift */ = {isa = PBXFileReference; lastKnownFileType = sourcecode.swift; path = Item.swift; sourceTree = "<group>"; };
		C69B0AAEAE99BEC3C9FC6F39 /* Pods_ToDoer.framework */ = {isa = PBXFileReference; explicitFileType = wrapper.framework; includeInIndex = 0; path = Pods_ToDoer.framework; sourceTree = BUILT_PRODUCTS_DIR; };
		F9BBF32AD487634113D4EB7F /* Pods-ToDoer.debug.xcconfig */ = {isa = PBXFileReference; includeInIndex = 1; lastKnownFileType = text.xcconfig; name = "Pods-ToDoer.debug.xcconfig"; path = "Pods/Target Support Files/Pods-ToDoer/Pods-ToDoer.debug.xcconfig"; sourceTree = "<group>"; };
/* End PBXFileReference section */

/* Begin PBXFrameworksBuildPhase section */
		B49C3448200487AB0050E568 /* Frameworks */ = {
			isa = PBXFrameworksBuildPhase;
			buildActionMask = 2147483647;
			files = (
				229E2EE1C4E7E78E4A3DCAC2 /* Pods_ToDoer.framework in Frameworks */,
			);
			runOnlyForDeploymentPostprocessing = 0;
		};
/* End PBXFrameworksBuildPhase section */

/* Begin PBXGroup section */
		0BAFF2FC724188F77CEA01ED /* Pods */ = {
			isa = PBXGroup;
			children = (
				F9BBF32AD487634113D4EB7F /* Pods-ToDoer.debug.xcconfig */,
				2A276269CEDE526A5738584A /* Pods-ToDoer.release.xcconfig */,
			);
			name = Pods;
			sourceTree = "<group>";
		};
		88B3DD1175FBA028637ED988 /* Frameworks */ = {
			isa = PBXGroup;
			children = (
				C69B0AAEAE99BEC3C9FC6F39 /* Pods_ToDoer.framework */,
			);
			name = Frameworks;
			sourceTree = "<group>";
		};
		B49C3442200487AB0050E568 = {
			isa = PBXGroup;
			children = (
				B49C344D200487AB0050E568 /* ToDoer */,
				B49C344C200487AB0050E568 /* Products */,
				0BAFF2FC724188F77CEA01ED /* Pods */,
				88B3DD1175FBA028637ED988 /* Frameworks */,
			);
			sourceTree = "<group>";
		};
		B49C344C200487AB0050E568 /* Products */ = {
			isa = PBXGroup;
			children = (
				B49C344B200487AB0050E568 /* ToDoer.app */,
			);
			name = Products;
			sourceTree = "<group>";
		};
		B49C344D200487AB0050E568 /* ToDoer */ = {
			isa = PBXGroup;
			children = (
				B49C345A200487AB0050E568 /* Info.plist */,
				B49C3463200488270050E568 /* Support Files */,
				B49C34622004881F0050E568 /* Controller */,
				B49C3461200488160050E568 /* View */,
				B49C34602004880C0050E568 /* Model */,
			);
			path = ToDoer;
			sourceTree = "<group>";
		};
		B49C34602004880C0050E568 /* Model */ = {
			isa = PBXGroup;
			children = (
				B4A852C8200CBE6D0051F5ED /* Category.swift */,
				B4A852CA200CBEF10051F5ED /* Item.swift */,
			);
			path = Model;
			sourceTree = "<group>";
		};
		B49C3461200488160050E568 /* View */ = {
			isa = PBXGroup;
			children = (
				B49C3452200487AB0050E568 /* Main.storyboard */,
				B49C3457200487AB0050E568 /* LaunchScreen.storyboard */,
			);
			path = View;
			sourceTree = "<group>";
		};
		B49C34622004881F0050E568 /* Controller */ = {
			isa = PBXGroup;
			children = (
				B49C344E200487AB0050E568 /* AppDelegate.swift */,
				B49C3450200487AB0050E568 /* ToDoViewController.swift */,
				B4A852C62007795E0051F5ED /* CategoriesViewController.swift */,
			);
			path = Controller;
			sourceTree = "<group>";
		};
		B49C3463200488270050E568 /* Support Files */ = {
			isa = PBXGroup;
			children = (
				B49C3455200487AB0050E568 /* Assets.xcassets */,
			);
			path = "Support Files";
			sourceTree = "<group>";
		};
/* End PBXGroup section */

/* Begin PBXNativeTarget section */
		B49C344A200487AB0050E568 /* ToDoer */ = {
			isa = PBXNativeTarget;
			buildConfigurationList = B49C345D200487AB0050E568 /* Build configuration list for PBXNativeTarget "ToDoer" */;
			buildPhases = (
				B7DBB07D0F9F3A1990101268 /* [CP] Check Pods Manifest.lock */,
				B49C3447200487AB0050E568 /* Sources */,
				B49C3448200487AB0050E568 /* Frameworks */,
				B49C3449200487AB0050E568 /* Resources */,
				F86F45E81C84187ADF01574A /* [CP] Embed Pods Frameworks */,
				89F15119B81FDA2DC9772357 /* [CP] Copy Pods Resources */,
			);
			buildRules = (
			);
			dependencies = (
			);
			name = ToDoer;
			productName = ToDoer;
			productReference = B49C344B200487AB0050E568 /* ToDoer.app */;
			productType = "com.apple.product-type.application";
		};
/* End PBXNativeTarget section */

/* Begin PBXProject section */
		B49C3443200487AB0050E568 /* Project object */ = {
			isa = PBXProject;
			attributes = {
				LastSwiftUpdateCheck = 0920;
				LastUpgradeCheck = 0920;
				ORGANIZATIONNAME = MotivationQa;
				TargetAttributes = {
					B49C344A200487AB0050E568 = {
						CreatedOnToolsVersion = 9.2;
						ProvisioningStyle = Automatic;
					};
				};
			};
			buildConfigurationList = B49C3446200487AB0050E568 /* Build configuration list for PBXProject "ToDoer" */;
			compatibilityVersion = "Xcode 8.0";
			developmentRegion = en;
			hasScannedForEncodings = 0;
			knownRegions = (
				en,
				Base,
			);
			mainGroup = B49C3442200487AB0050E568;
			productRefGroup = B49C344C200487AB0050E568 /* Products */;
			projectDirPath = "";
			projectRoot = "";
			targets = (
				B49C344A200487AB0050E568 /* ToDoer */,
			);
		};
/* End PBXProject section */

/* Begin PBXResourcesBuildPhase section */
		B49C3449200487AB0050E568 /* Resources */ = {
			isa = PBXResourcesBuildPhase;
			buildActionMask = 2147483647;
			files = (
				B49C3459200487AB0050E568 /* LaunchScreen.storyboard in Resources */,
				B49C3456200487AB0050E568 /* Assets.xcassets in Resources */,
				B49C3454200487AB0050E568 /* Main.storyboard in Resources */,
			);
			runOnlyForDeploymentPostprocessing = 0;
		};
/* End PBXResourcesBuildPhase section */

/* Begin PBXShellScriptBuildPhase section */
		89F15119B81FDA2DC9772357 /* [CP] Copy Pods Resources */ = {
			isa = PBXShellScriptBuildPhase;
			buildActionMask = 2147483647;
			files = (
			);
			inputPaths = (
			);
			name = "[CP] Copy Pods Resources";
			outputPaths = (
			);
			runOnlyForDeploymentPostprocessing = 0;
			shellPath = /bin/sh;
			shellScript = "\"${SRCROOT}/Pods/Target Support Files/Pods-ToDoer/Pods-ToDoer-resources.sh\"\n";
			showEnvVarsInLog = 0;
		};
		B7DBB07D0F9F3A1990101268 /* [CP] Check Pods Manifest.lock */ = {
			isa = PBXShellScriptBuildPhase;
			buildActionMask = 2147483647;
			files = (
			);
			inputPaths = (
				"${PODS_PODFILE_DIR_PATH}/Podfile.lock",
				"${PODS_ROOT}/Manifest.lock",
			);
			name = "[CP] Check Pods Manifest.lock";
			outputPaths = (
				"$(DERIVED_FILE_DIR)/Pods-ToDoer-checkManifestLockResult.txt",
			);
			runOnlyForDeploymentPostprocessing = 0;
			shellPath = /bin/sh;
			shellScript = "diff \"${PODS_PODFILE_DIR_PATH}/Podfile.lock\" \"${PODS_ROOT}/Manifest.lock\" > /dev/null\nif [ $? != 0 ] ; then\n    # print error to STDERR\n    echo \"error: The sandbox is not in sync with the Podfile.lock. Run 'pod install' or update your CocoaPods installation.\" >&2\n    exit 1\nfi\n# This output is used by Xcode 'outputs' to avoid re-running this script phase.\necho \"SUCCESS\" > \"${SCRIPT_OUTPUT_FILE_0}\"\n";
			showEnvVarsInLog = 0;
		};
		F86F45E81C84187ADF01574A /* [CP] Embed Pods Frameworks */ = {
			isa = PBXShellScriptBuildPhase;
			buildActionMask = 2147483647;
			files = (
			);
			inputPaths = (
				"${SRCROOT}/Pods/Target Support Files/Pods-ToDoer/Pods-ToDoer-frameworks.sh",
				"${BUILT_PRODUCTS_DIR}/Realm/Realm.framework",
				"${BUILT_PRODUCTS_DIR}/RealmSwift/RealmSwift.framework",
			);
			name = "[CP] Embed Pods Frameworks";
			outputPaths = (
				"${TARGET_BUILD_DIR}/${FRAMEWORKS_FOLDER_PATH}/Realm.framework",
				"${TARGET_BUILD_DIR}/${FRAMEWORKS_FOLDER_PATH}/RealmSwift.framework",
			);
			runOnlyForDeploymentPostprocessing = 0;
			shellPath = /bin/sh;
			shellScript = "\"${SRCROOT}/Pods/Target Support Files/Pods-ToDoer/Pods-ToDoer-frameworks.sh\"\n";
			showEnvVarsInLog = 0;
		};
/* End PBXShellScriptBuildPhase section */

/* Begin PBXSourcesBuildPhase section */
		B49C3447200487AB0050E568 /* Sources */ = {
			isa = PBXSourcesBuildPhase;
			buildActionMask = 2147483647;
			files = (
				B4A852CB200CBEF10051F5ED /* Item.swift in Sources */,
				B49C3451200487AB0050E568 /* ToDoViewController.swift in Sources */,
				B4A852C9200CBE6D0051F5ED /* Category.swift in Sources */,
				B4A852C72007795E0051F5ED /* CategoriesViewController.swift in Sources */,
				B49C344F200487AB0050E568 /* AppDelegate.swift in Sources */,
			);
			runOnlyForDeploymentPostprocessing = 0;
		};
/* End PBXSourcesBuildPhase section */

/* Begin PBXVariantGroup section */
		B49C3452200487AB0050E568 /* Main.storyboard */ = {
			isa = PBXVariantGroup;
			children = (
				B49C3453200487AB0050E568 /* Base */,
			);
			name = Main.storyboard;
			sourceTree = "<group>";
		};
		B49C3457200487AB0050E568 /* LaunchScreen.storyboard */ = {
			isa = PBXVariantGroup;
			children = (
				B49C3458200487AB0050E568 /* Base */,
			);
			name = LaunchScreen.storyboard;
			sourceTree = "<group>";
		};
/* End PBXVariantGroup section */

/* Begin XCBuildConfiguration section */
		B49C345B200487AB0050E568 /* Debug */ = {
			isa = XCBuildConfiguration;
			buildSettings = {
				ALWAYS_SEARCH_USER_PATHS = NO;
				CLANG_ANALYZER_NONNULL = YES;
				CLANG_ANALYZER_NUMBER_OBJECT_CONVERSION = YES_AGGRESSIVE;
				CLANG_CXX_LANGUAGE_STANDARD = "gnu++14";
				CLANG_CXX_LIBRARY = "libc++";
				CLANG_ENABLE_MODULES = YES;
				CLANG_ENABLE_OBJC_ARC = YES;
				CLANG_WARN_BLOCK_CAPTURE_AUTORELEASING = YES;
				CLANG_WARN_BOOL_CONVERSION = YES;
				CLANG_WARN_COMMA = YES;
				CLANG_WARN_CONSTANT_CONVERSION = YES;
				CLANG_WARN_DIRECT_OBJC_ISA_USAGE = YES_ERROR;
				CLANG_WARN_DOCUMENTATION_COMMENTS = YES;
				CLANG_WARN_EMPTY_BODY = YES;
				CLANG_WARN_ENUM_CONVERSION = YES;
				CLANG_WARN_INFINITE_RECURSION = YES;
				CLANG_WARN_INT_CONVERSION = YES;
				CLANG_WARN_NON_LITERAL_NULL_CONVERSION = YES;
				CLANG_WARN_OBJC_LITERAL_CONVERSION = YES;
				CLANG_WARN_OBJC_ROOT_CLASS = YES_ERROR;
				CLANG_WARN_RANGE_LOOP_ANALYSIS = YES;
				CLANG_WARN_STRICT_PROTOTYPES = YES;
				CLANG_WARN_SUSPICIOUS_MOVE = YES;
				CLANG_WARN_UNGUARDED_AVAILABILITY = YES_AGGRESSIVE;
				CLANG_WARN_UNREACHABLE_CODE = YES;
				CLANG_WARN__DUPLICATE_METHOD_MATCH = YES;
				CODE_SIGN_IDENTITY = "iPhone Developer";
				COPY_PHASE_STRIP = NO;
				DEBUG_INFORMATION_FORMAT = dwarf;
				ENABLE_STRICT_OBJC_MSGSEND = YES;
				ENABLE_TESTABILITY = YES;
				GCC_C_LANGUAGE_STANDARD = gnu11;
				GCC_DYNAMIC_NO_PIC = NO;
				GCC_NO_COMMON_BLOCKS = YES;
				GCC_OPTIMIZATION_LEVEL = 0;
				GCC_PREPROCESSOR_DEFINITIONS = (
					"DEBUG=1",
					"$(inherited)",
				);
				GCC_WARN_64_TO_32_BIT_CONVERSION = YES;
				GCC_WARN_ABOUT_RETURN_TYPE = YES_ERROR;
				GCC_WARN_UNDECLARED_SELECTOR = YES;
				GCC_WARN_UNINITIALIZED_AUTOS = YES_AGGRESSIVE;
				GCC_WARN_UNUSED_FUNCTION = YES;
				GCC_WARN_UNUSED_VARIABLE = YES;
				IPHONEOS_DEPLOYMENT_TARGET = 11.2;
				MTL_ENABLE_DEBUG_INFO = YES;
				ONLY_ACTIVE_ARCH = YES;
				SDKROOT = iphoneos;
				SWIFT_ACTIVE_COMPILATION_CONDITIONS = DEBUG;
				SWIFT_OPTIMIZATION_LEVEL = "-Onone";
			};
			name = Debug;
		};
		B49C345C200487AB0050E568 /* Release */ = {
			isa = XCBuildConfiguration;
			buildSettings = {
				ALWAYS_SEARCH_USER_PATHS = NO;
				CLANG_ANALYZER_NONNULL = YES;
				CLANG_ANALYZER_NUMBER_OBJECT_CONVERSION = YES_AGGRESSIVE;
				CLANG_CXX_LANGUAGE_STANDARD = "gnu++14";
				CLANG_CXX_LIBRARY = "libc++";
				CLANG_ENABLE_MODULES = YES;
				CLANG_ENABLE_OBJC_ARC = YES;
				CLANG_WARN_BLOCK_CAPTURE_AUTORELEASING = YES;
				CLANG_WARN_BOOL_CONVERSION = YES;
				CLANG_WARN_COMMA = YES;
				CLANG_WARN_CONSTANT_CONVERSION = YES;
				CLANG_WARN_DIRECT_OBJC_ISA_USAGE = YES_ERROR;
				CLANG_WARN_DOCUMENTATION_COMMENTS = YES;
				CLANG_WARN_EMPTY_BODY = YES;
				CLANG_WARN_ENUM_CONVERSION = YES;
				CLANG_WARN_INFINITE_RECURSION = YES;
				CLANG_WARN_INT_CONVERSION = YES;
				CLANG_WARN_NON_LITERAL_NULL_CONVERSION = YES;
				CLANG_WARN_OBJC_LITERAL_CONVERSION = YES;
				CLANG_WARN_OBJC_ROOT_CLASS = YES_ERROR;
				CLANG_WARN_RANGE_LOOP_ANALYSIS = YES;
				CLANG_WARN_STRICT_PROTOTYPES = YES;
				CLANG_WARN_SUSPICIOUS_MOVE = YES;
				CLANG_WARN_UNGUARDED_AVAILABILITY = YES_AGGRESSIVE;
				CLANG_WARN_UNREACHABLE_CODE = YES;
				CLANG_WARN__DUPLICATE_METHOD_MATCH = YES;
				CODE_SIGN_IDENTITY = "iPhone Developer";
				COPY_PHASE_STRIP = NO;
				DEBUG_INFORMATION_FORMAT = "dwarf-with-dsym";
				ENABLE_NS_ASSERTIONS = NO;
				ENABLE_STRICT_OBJC_MSGSEND = YES;
				GCC_C_LANGUAGE_STANDARD = gnu11;
				GCC_NO_COMMON_BLOCKS = YES;
				GCC_WARN_64_TO_32_BIT_CONVERSION = YES;
				GCC_WARN_ABOUT_RETURN_TYPE = YES_ERROR;
				GCC_WARN_UNDECLARED_SELECTOR = YES;
				GCC_WARN_UNINITIALIZED_AUTOS = YES_AGGRESSIVE;
				GCC_WARN_UNUSED_FUNCTION = YES;
				GCC_WARN_UNUSED_VARIABLE = YES;
				IPHONEOS_DEPLOYMENT_TARGET = 11.2;
				MTL_ENABLE_DEBUG_INFO = NO;
				SDKROOT = iphoneos;
				SWIFT_OPTIMIZATION_LEVEL = "-Owholemodule";
				VALIDATE_PRODUCT = YES;
			};
			name = Release;
		};
		B49C345E200487AB0050E568 /* Debug */ = {
			isa = XCBuildConfiguration;
			baseConfigurationReference = F9BBF32AD487634113D4EB7F /* Pods-ToDoer.debug.xcconfig */;
			buildSettings = {
				ASSETCATALOG_COMPILER_APPICON_NAME = AppIcon;
				CODE_SIGN_STYLE = Automatic;
				DEVELOPMENT_TEAM = H9CK8C8KFA;
				INFOPLIST_FILE = ToDoer/Info.plist;
				LD_RUNPATH_SEARCH_PATHS = "$(inherited) @executable_path/Frameworks";
				PRODUCT_BUNDLE_IDENTIFIER = com.motivationqa.ToDoer;
				PRODUCT_NAME = "$(TARGET_NAME)";
				SWIFT_VERSION = 4.0;
				TARGETED_DEVICE_FAMILY = "1,2";
			};
			name = Debug;
		};
		B49C345F200487AB0050E568 /* Release */ = {
			isa = XCBuildConfiguration;
			baseConfigurationReference = 2A276269CEDE526A5738584A /* Pods-ToDoer.release.xcconfig */;
			buildSettings = {
				ASSETCATALOG_COMPILER_APPICON_NAME = AppIcon;
				CODE_SIGN_STYLE = Automatic;
				DEVELOPMENT_TEAM = H9CK8C8KFA;
				INFOPLIST_FILE = ToDoer/Info.plist;
				LD_RUNPATH_SEARCH_PATHS = "$(inherited) @executable_path/Frameworks";
				PRODUCT_BUNDLE_IDENTIFIER = com.motivationqa.ToDoer;
				PRODUCT_NAME = "$(TARGET_NAME)";
				SWIFT_VERSION = 4.0;
				TARGETED_DEVICE_FAMILY = "1,2";
			};
			name = Release;
		};
/* End XCBuildConfiguration section */

/* Begin XCConfigurationList section */
		B49C3446200487AB0050E568 /* Build configuration list for PBXProject "ToDoer" */ = {
			isa = XCConfigurationList;
			buildConfigurations = (
				B49C345B200487AB0050E568 /* Debug */,
				B49C345C200487AB0050E568 /* Release */,
			);
			defaultConfigurationIsVisible = 0;
			defaultConfigurationName = Release;
		};
		B49C345D200487AB0050E568 /* Build configuration list for PBXNativeTarget "ToDoer" */ = {
			isa = XCConfigurationList;
			buildConfigurations = (
				B49C345E200487AB0050E568 /* Debug */,
				B49C345F200487AB0050E568 /* Release */,
			);
			defaultConfigurationIsVisible = 0;
			defaultConfigurationName = Release;
		};
/* End XCConfigurationList section */
	};
	rootObject = B49C3443200487AB0050E568 /* Project object */;
}
